
Microsoft Visual Studio Solution File, Format Version 12.00
# Visual Studio Version 17
VisualStudioVersion = 17.11.35222.181
MinimumVisualStudioVersion = 10.0.40219.1
Project("{9A19103F-16F7-4668-BE54-9A1E7A4F7556}") = "NumberFromFileAPI", "NumberFromFileAPI\NumberFromFileAPI.csproj", "{361810CC-496D-48CE-94E8-B4ED10C2C2CA}"
EndProject
Project("{FAE04EC0-301F-11D3-BF4B-00C04F79EFBC}") = "Tests", "Tests\Tests.csproj", "{53535C94-3F84-44E8-A00A-48D820A128D9}"
	ProjectSection(ProjectDependencies) = postProject
		{361810CC-496D-48CE-94E8-B4ED10C2C2CA} = {361810CC-496D-48CE-94E8-B4ED10C2C2CA}
	EndProjectSection
EndProject
Global
	GlobalSection(SolutionConfigurationPlatforms) = preSolution
		Debug|Any CPU = Debug|Any CPU
		Release|Any CPU = Release|Any CPU
	EndGlobalSection
	GlobalSection(ProjectConfigurationPlatforms) = postSolution
		{361810CC-496D-48CE-94E8-B4ED10C2C2CA}.Debug|Any CPU.ActiveCfg = Debug|Any CPU
		{361810CC-496D-48CE-94E8-B4ED10C2C2CA}.Debug|Any CPU.Build.0 = Debug|Any CPU
		{361810CC-496D-48CE-94E8-B4ED10C2C2CA}.Release|Any CPU.ActiveCfg = Release|Any CPU
		{361810CC-496D-48CE-94E8-B4ED10C2C2CA}.Release|Any CPU.Build.0 = Release|Any CPU
		{53535C94-3F84-44E8-A00A-48D820A128D9}.Debug|Any CPU.ActiveCfg = Debug|Any CPU
		{53535C94-3F84-44E8-A00A-48D820A128D9}.Debug|Any CPU.Build.0 = Debug|Any CPU
		{53535C94-3F84-44E8-A00A-48D820A128D9}.Release|Any CPU.ActiveCfg = Release|Any CPU
		{53535C94-3F84-44E8-A00A-48D820A128D9}.Release|Any CPU.Build.0 = Release|Any CPU
	EndGlobalSection
	GlobalSection(SolutionProperties) = preSolution
		HideSolutionNode = FALSE
	EndGlobalSection
	GlobalSection(ExtensibilityGlobals) = postSolution
		SolutionGuid = {8713FCAE-584A-4091-BA15-037BB965B55C}
	EndGlobalSection
EndGlobal
